{
  "name": "homey-no.easee",
  "version": "1.0.0",
  "lockfileVersion": 1,
  "requires": true,
  "dependencies": {
    "async-mutex": {
      "version": "0.2.6",
      "resolved": "https://registry.npmjs.org/async-mutex/-/async-mutex-0.2.6.tgz",
      "integrity": "sha512-Hs4R+4SPgamu6rSGW8C7cV9gaWUKEHykfzCCvIRuaVv636Ju10ZdeUbvb4TBEW0INuq2DHZqXbK4Nd3yG4RaRw==",
      "requires": {
        "tslib": "^2.0.0"
      }
    },
    "events": {
      "version": "3.2.0",
      "resolved": "https://registry.npmjs.org/events/-/events-3.2.0.tgz",
      "integrity": "sha512-/46HWwbfCX2xTawVfkKLGxMifJYQBWMwY1mjywRtb4c9x8l5NP3KoJtnIOiL1hfdRkIuYhETxQlo62IF8tcnlg=="
    },
    "http.min": {
      "version": "2.0.1",
      "resolved": "https://registry.npmjs.org/http.min/-/http.min-2.0.1.tgz",
      "integrity": "sha512-zNq+nEkGpIh+DcIcqhCWo204+Mj7d7eNgg/6r2DxgD47sU6W2En8TvOFgbooBL9ciljnvdSnE0Zv/N/XLQ/Rxw=="
    },
    "tslib": {
      "version": "2.0.3",
      "resolved": "https://registry.npmjs.org/tslib/-/tslib-2.0.3.tgz",
      "integrity": "sha512-uZtkfKblCEQtZKBF6EBXVZeQNl82yqtDQdv+eck8u7tdPxjLu2/lp5/uPW+um2tpuxINHWy3GhiccY7QgEaVHQ=="
    }
  }
}
